PODS:
  - mopub-ios-sdk (5.0.0):
    - mopub-ios-sdk/MoPubSDK (= 5.0.0)
  - mopub-ios-sdk/Avid (5.0.0):
    - mopub-ios-sdk/Core
  - mopub-ios-sdk/Core (5.0.0)
  - mopub-ios-sdk/Moat (5.0.0):
    - mopub-ios-sdk/Core
  - mopub-ios-sdk/MoPubSDK (5.0.0):
    - mopub-ios-sdk/Avid
    - mopub-ios-sdk/Core
    - mopub-ios-sdk/Moat

DEPENDENCIES:
  - mopub-ios-sdk

SPEC REPOS:
  https://github.com/CocoaPods/Specs.git:
    - mopub-ios-sdk

SPEC CHECKSUMS:
  mopub-ios-sdk: fe1302dfcff6929360ea4b7fb1bc7375c13c7074

PODFILE CHECKSUM: 0ff8ca43e4710398fec2c01c96983fe36ce6fba1

COCOAPODS: 1.5.0
